<?xml version="1.0" encoding="utf-8"?>
<Project ToolsVersion="4.0" xmlns="http://schemas.microsoft.com/developer/msbuild/2003">
  <ItemGroup>
    <Filter Include="Common">
      <UniqueIdentifier>{8277dadb-948d-464e-bf4e-b429d64c7f64}</UniqueIdentifier>
    </Filter>
    <Filter Include="MainWnd">
      <UniqueIdentifier>{33603ddd-8dbd-4d49-bf12-a4896909c457}</UniqueIdentifier>
    </Filter>
    <Filter Include="KeySettingWnd">
      <UniqueIdentifier>{063ab0b4-8e37-4801-a2ff-87a4ea435759}</UniqueIdentifier>
    </Filter>
    <Filter Include="OutKeySettingWnd">
      <UniqueIdentifier>{0521256b-b4cf-4a4e-950e-bbbadb307c04}</UniqueIdentifier>
    </Filter>
    <Filter Include="TimerPlayWnd">
      <UniqueIdentifier>{1ed1d1df-ae28-442b-b291-737c64281ee0}</UniqueIdentifier>
    </Filter>
    <Filter Include="IncSpeedWnd">
      <UniqueIdentifier>{ca11d9bc-ff71-4bea-9b15-e107a9dd5e98}</UniqueIdentifier>
    </Filter>
    <Filter Include="CountLoopWnd">
      <UniqueIdentifier>{dc5b013e-a83b-44ce-bad2-f078e7a6ee66}</UniqueIdentifier>
    </Filter>
    <Filter Include="DecSpeedWnd">
      <UniqueIdentifier>{96ae6f44-e3ff-4345-ad37-9e33226d8146}</UniqueIdentifier>
    </Filter>
    <Filter Include="LimitSettingWnd">
      <UniqueIdentifier>{a79977fa-e677-4ab3-8de0-1738300bc901}</UniqueIdentifier>
    </Filter>
    <Filter Include="VideoScreenWnd">
      <UniqueIdentifier>{9c6d1ee0-a6f3-4d51-97fe-dc5cf453d087}</UniqueIdentifier>
    </Filter>
    <Filter Include="MetronomeWnd">
      <UniqueIdentifier>{115e4920-c781-44a3-a4f2-5a0aa5fc3091}</UniqueIdentifier>
    </Filter>
    <Filter Include="IncFreqWnd">
      <UniqueIdentifier>{1e205c60-9a0e-4a3b-a44f-64f8d260f0c3}</UniqueIdentifier>
    </Filter>
    <Filter Include="DecFreqWnd">
      <UniqueIdentifier>{bc4aefae-c8ce-4637-a236-ed02d1cce1b0}</UniqueIdentifier>
    </Filter>
  </ItemGroup>
  <ItemGroup>
    <ClInclude Include="Common\AcceleratorTable.h">
      <Filter>Common</Filter>
    </ClInclude>
    <ClInclude Include="Common\Bass.h">
      <Filter>Common</Filter>
    </ClInclude>
    <ClInclude Include="Common\bass_aac.h">
      <Filter>Common</Filter>
    </ClInclude>
    <ClInclude Include="Common\bass_ape.h">
      <Filter>Common</Filter>
    </ClInclude>
    <ClInclude Include="Common\bass_fx.h">
      <Filter>Common</Filter>
    </ClInclude>
    <ClInclude Include="Common\BassFx.h">
      <Filter>Common</Filter>
    </ClInclude>
    <ClInclude Include="Common\bassinc.h">
      <Filter>Common</Filter>
    </ClInclude>
    <ClInclude Include="Common\Bitmap.h">
      <Filter>Common</Filter>
    </ClInclude>
    <ClInclude Include="Common\Button.h">
      <Filter>Common</Filter>
    </ClInclude>
    <ClInclude Include="Common\ClientDC.h">
      <Filter>Common</Filter>
    </ClInclude>
    <ClInclude Include="Common\ComboBox.h">
      <Filter>Common</Filter>
    </ClInclude>
    <ClInclude Include="Common\DC.h">
      <Filter>Common</Filter>
    </ClInclude>
    <ClInclude Include="Common\Edit.h">
      <Filter>Common</Filter>
    </ClInclude>
    <ClInclude Include="Common\Font.h">
      <Filter>Common</Filter>
    </ClInclude>
    <ClInclude Include="Common\FrameWnd.h">
      <Filter>Common</Filter>
    </ClInclude>
    <ClInclude Include="Common\HotKeyCtrl.h">
      <Filter>Common</Filter>
    </ClInclude>
    <ClInclude Include="Common\ListView.h">
      <Filter>Common</Filter>
    </ClInclude>
    <ClInclude Include="Common\Menu.h">
      <Filter>Common</Filter>
    </ClInclude>
    <ClInclude Include="Common\ProgressCtrl.h">
      <Filter>Common</Filter>
    </ClInclude>
    <ClInclude Include="Common\SliderCtrl.h">
      <Filter>Common</Filter>
    </ClInclude>
    <ClInclude Include="Common\SnapWnd.h">
      <Filter>Common</Filter>
    </ClInclude>
    <ClInclude Include="Common\Static.h">
      <Filter>Common</Filter>
    </ClInclude>
    <ClInclude Include="Common\ToolBar.h">
      <Filter>Common</Filter>
    </ClInclude>
    <ClInclude Include="Common\UpDownCtrl.h">
      <Filter>Common</Filter>
    </ClInclude>
    <ClInclude Include="Common\Utils.h">
      <Filter>Common</Filter>
    </ClInclude>
    <ClInclude Include="Common\Wnd.h">
      <Filter>Common</Filter>
    </ClInclude>
    <ClInclude Include="MainWnd\AllSaveWnd_MainWnd.h">
      <Filter>MainWnd</Filter>
    </ClInclude>
    <ClInclude Include="MainWnd\Divider2_MainWnd.h">
      <Filter>MainWnd</Filter>
    </ClInclude>
    <ClInclude Include="MainWnd\Divider3_MainWnd.h">
      <Filter>MainWnd</Filter>
    </ClInclude>
    <ClInclude Include="MainWnd\Divider4_MainWnd.h">
      <Filter>MainWnd</Filter>
    </ClInclude>
    <ClInclude Include="MainWnd\Divider5_MainWnd.h">
      <Filter>MainWnd</Filter>
    </ClInclude>
    <ClInclude Include="MainWnd\Divider_MainWnd.h">
      <Filter>MainWnd</Filter>
    </ClInclude>
    <ClInclude Include="MainWnd\EQ125Label_MainWnd.h">
      <Filter>MainWnd</Filter>
    </ClInclude>
    <ClInclude Include="MainWnd\EQ125Slider_MainWnd.h">
      <Filter>MainWnd</Filter>
    </ClInclude>
    <ClInclude Include="MainWnd\EQ16KLabel_MainWnd.h">
      <Filter>MainWnd</Filter>
    </ClInclude>
    <ClInclude Include="MainWnd\EQ16KSlider_MainWnd.h">
      <Filter>MainWnd</Filter>
    </ClInclude>
    <ClInclude Include="MainWnd\EQ1KLabel_MainWnd.h">
      <Filter>MainWnd</Filter>
    </ClInclude>
    <ClInclude Include="MainWnd\EQ1KSlider_MainWnd.h">
      <Filter>MainWnd</Filter>
    </ClInclude>
    <ClInclude Include="MainWnd\EQ250Label_MainWnd.h">
      <Filter>MainWnd</Filter>
    </ClInclude>
    <ClInclude Include="MainWnd\EQ250Slider_MainWnd.h">
      <Filter>MainWnd</Filter>
    </ClInclude>
    <ClInclude Include="MainWnd\EQ2KLabel_MainWnd.h">
      <Filter>MainWnd</Filter>
    </ClInclude>
    <ClInclude Include="MainWnd\EQ2KSlider_MainWnd.h">
      <Filter>MainWnd</Filter>
    </ClInclude>
    <ClInclude Include="MainWnd\EQ4KLabel_MainWnd.h">
      <Filter>MainWnd</Filter>
    </ClInclude>
    <ClInclude Include="MainWnd\EQ4KSlider_MainWnd.h">
      <Filter>MainWnd</Filter>
    </ClInclude>
    <ClInclude Include="MainWnd\EQ500Label_MainWnd.h">
      <Filter>MainWnd</Filter>
    </ClInclude>
    <ClInclude Include="MainWnd\EQ500Slider_MainWnd.h">
      <Filter>MainWnd</Filter>
    </ClInclude>
    <ClInclude Include="MainWnd\EQ8KLabel_MainWnd.h">
      <Filter>MainWnd</Filter>
    </ClInclude>
    <ClInclude Include="MainWnd\EQ8KSlider_MainWnd.h">
      <Filter>MainWnd</Filter>
    </ClInclude>
    <ClInclude Include="MainWnd\M3UFile.h">
      <Filter>MainWnd</Filter>
    </ClInclude>
    <ClInclude Include="MainWnd\MainWnd.h">
      <Filter>MainWnd</Filter>
    </ClInclude>
    <ClInclude Include="MainWnd\Menu_MainWnd.h">
      <Filter>MainWnd</Filter>
    </ClInclude>
    <ClInclude Include="MainWnd\PanLabel_MainWnd.h">
      <Filter>MainWnd</Filter>
    </ClInclude>
    <ClInclude Include="MainWnd\PanSlider_MainWnd.h">
      <Filter>MainWnd</Filter>
    </ClInclude>
    <ClInclude Include="MainWnd\PitchLabel_MainWnd.h">
      <Filter>MainWnd</Filter>
    </ClInclude>
    <ClInclude Include="MainWnd\PitchSlider_MainWnd.h">
      <Filter>MainWnd</Filter>
    </ClInclude>
    <ClInclude Include="MainWnd\PlayListView_MainWnd.h">
      <Filter>MainWnd</Filter>
    </ClInclude>
    <ClInclude Include="MainWnd\ProgressWnd_MainWnd.h">
      <Filter>MainWnd</Filter>
    </ClInclude>
    <ClInclude Include="MainWnd\SpeedLabel_MainWnd.h">
      <Filter>MainWnd</Filter>
    </ClInclude>
    <ClInclude Include="MainWnd\SpeedSlider_MainWnd.h">
      <Filter>MainWnd</Filter>
    </ClInclude>
    <ClInclude Include="MainWnd\TimeLabel_MainWnd.h">
      <Filter>MainWnd</Filter>
    </ClInclude>
    <ClInclude Include="MainWnd\TimeSlider_MainWnd.h">
      <Filter>MainWnd</Filter>
    </ClInclude>
    <ClInclude Include="MainWnd\ToolBar_MainWnd.h">
      <Filter>MainWnd</Filter>
    </ClInclude>
    <ClInclude Include="MainWnd\VolumeLabel_MainWnd.h">
      <Filter>MainWnd</Filter>
    </ClInclude>
    <ClInclude Include="MainWnd\VolumeSlider_MainWnd.h">
      <Filter>MainWnd</Filter>
    </ClInclude>
    <ClInclude Include="App.h" />
    <ClInclude Include="resource.h" />
    <ClInclude Include="MainWnd\PlayPositionWnd.h">
      <Filter>MainWnd</Filter>
    </ClInclude>
    <ClInclude Include="KeySettingWnd\KeyInputWnd.h">
      <Filter>KeySettingWnd</Filter>
    </ClInclude>
    <ClInclude Include="KeySettingWnd\KeySettingWnd_MainWnd.h">
      <Filter>KeySettingWnd</Filter>
    </ClInclude>
    <ClInclude Include="KeySettingWnd\List_KeySettingWnd.h">
      <Filter>KeySettingWnd</Filter>
    </ClInclude>
    <ClInclude Include="OutKeySettingWnd\OutKeySettingWnd_MainWnd.h">
      <Filter>OutKeySettingWnd</Filter>
    </ClInclude>
    <ClInclude Include="OutKeySettingWnd\OutKeyInputWnd.h">
      <Filter>OutKeySettingWnd</Filter>
    </ClInclude>
    <ClInclude Include="TimerPlayWnd\TimerPlayWnd_MainWnd.h">
      <Filter>TimerPlayWnd</Filter>
    </ClInclude>
    <ClInclude Include="IncSpeedWnd\IncSpeedWnd_MainWnd.h">
      <Filter>IncSpeedWnd</Filter>
    </ClInclude>
    <ClInclude Include="MainWnd\RMenu_TimeSlider.h">
      <Filter>MainWnd</Filter>
    </ClInclude>
    <ClInclude Include="CountLoopWnd\CountLoopWnd_MainWnd.h">
      <Filter>CountLoopWnd</Filter>
    </ClInclude>
    <ClInclude Include="Common\RadioButton.h">
      <Filter>Common</Filter>
    </ClInclude>
    <ClInclude Include="DecSpeedWnd\DecSpeedWnd_MainWnd.h">
      <Filter>DecSpeedWnd</Filter>
    </ClInclude>
    <ClInclude Include="Common\Define.h">
      <Filter>Common</Filter>
    </ClInclude>
    <ClInclude Include="Common\CommandList.h">
      <Filter>Common</Filter>
    </ClInclude>
    <ClInclude Include="LimitSettingWnd\LimitSettingWnd_MainWnd.h">
      <Filter>LimitSettingWnd</Filter>
    </ClInclude>
    <ClInclude Include="Common\EditExt.h">
      <Filter>Common</Filter>
    </ClInclude>
    <ClInclude Include="Common\ButtonExt.h">
      <Filter>Common</Filter>
    </ClInclude>
    <ClInclude Include="MainWnd\Edit_MainWnd.h">
      <Filter>MainWnd</Filter>
    </ClInclude>
    <ClInclude Include="Common\tags.h">
      <Filter>Common</Filter>
    </ClInclude>
    <ClInclude Include="Common\Tab.h">
      <Filter>Common</Filter>
    </ClInclude>
    <ClInclude Include="MainWnd\Tab_MainWnd.h">
      <Filter>MainWnd</Filter>
    </ClInclude>
    <ClInclude Include="MainWnd\RMenu_ListView.h">
      <Filter>MainWnd</Filter>
    </ClInclude>
    <ClInclude Include="MainWnd\RMenu_Tab.h">
      <Filter>MainWnd</Filter>
    </ClInclude>
    <ClInclude Include="MainWnd\VideoScreen_MainWnd.h">
      <Filter>MainWnd</Filter>
    </ClInclude>
    <ClInclude Include="VideoScreenWnd\VideoScreenWnd_MainWnd.h">
      <Filter>VideoScreenWnd</Filter>
    </ClInclude>
    <ClInclude Include="MetronomeWnd\MetronomeWnd_MainWnd.h">
      <Filter>MetronomeWnd</Filter>
    </ClInclude>
    <ClInclude Include="MainWnd\LyricsManager.h">
      <Filter>MainWnd</Filter>
    </ClInclude>
    <ClInclude Include="MainWnd\RMenu_Taskbar.h">
      <Filter>MainWnd</Filter>
    </ClInclude>
    <ClInclude Include="MainWnd\Sound.h">
      <Filter>MainWnd</Filter>
    </ClInclude>
    <ClInclude Include="MainWnd\RMenu_VideoScreen.h">
      <Filter>MainWnd</Filter>
    </ClInclude>
    <ClInclude Include="VideoScreenWnd\RMenu_VideoScreenWnd.h">
      <Filter>VideoScreenWnd</Filter>
    </ClInclude>
    <ClInclude Include="MainWnd\EQ20Label_MainWnd.h">
      <Filter>MainWnd</Filter>
    </ClInclude>
    <ClInclude Include="MainWnd\EQ20Slider_MainWnd.h">
      <Filter>MainWnd</Filter>
    </ClInclude>
    <ClInclude Include="MainWnd\EQ25Label_MainWnd.h">
      <Filter>MainWnd</Filter>
    </ClInclude>
    <ClInclude Include="MainWnd\EQ25Slider_MainWnd.h">
      <Filter>MainWnd</Filter>
    </ClInclude>
    <ClInclude Include="MainWnd\EQ40Label_MainWnd.h">
      <Filter>MainWnd</Filter>
    </ClInclude>
    <ClInclude Include="MainWnd\EQ40Slider_MainWnd.h">
      <Filter>MainWnd</Filter>
    </ClInclude>
    <ClInclude Include="MainWnd\EQ50Label_MainWnd.h">
      <Filter>MainWnd</Filter>
    </ClInclude>
    <ClInclude Include="MainWnd\EQ50Slider_MainWnd.h">
      <Filter>MainWnd</Filter>
    </ClInclude>
    <ClInclude Include="MainWnd\EQ63Label_MainWnd.h">
      <Filter>MainWnd</Filter>
    </ClInclude>
    <ClInclude Include="MainWnd\EQ63Slider_MainWnd.h">
      <Filter>MainWnd</Filter>
    </ClInclude>
    <ClInclude Include="MainWnd\EQ80Label_MainWnd.h">
      <Filter>MainWnd</Filter>
    </ClInclude>
    <ClInclude Include="MainWnd\EQ80Slider_MainWnd.h">
      <Filter>MainWnd</Filter>
    </ClInclude>
    <ClInclude Include="MainWnd\EQ100Label_MainWnd.h">
      <Filter>MainWnd</Filter>
    </ClInclude>
    <ClInclude Include="MainWnd\EQ100Slider_MainWnd.h">
      <Filter>MainWnd</Filter>
    </ClInclude>
    <ClInclude Include="MainWnd\EQ160Label_MainWnd.h">
      <Filter>MainWnd</Filter>
    </ClInclude>
    <ClInclude Include="MainWnd\EQ160Slider_MainWnd.h">
      <Filter>MainWnd</Filter>
    </ClInclude>
    <ClInclude Include="MainWnd\EQ200Label_MainWnd.h">
      <Filter>MainWnd</Filter>
    </ClInclude>
    <ClInclude Include="MainWnd\EQ200Slider_MainWnd.h">
      <Filter>MainWnd</Filter>
    </ClInclude>
    <ClInclude Include="MainWnd\EQ315Label_MainWnd.h">
      <Filter>MainWnd</Filter>
    </ClInclude>
    <ClInclude Include="MainWnd\EQ315Slider_MainWnd.h">
      <Filter>MainWnd</Filter>
    </ClInclude>
    <ClInclude Include="MainWnd\EQ400Label_MainWnd.h">
      <Filter>MainWnd</Filter>
    </ClInclude>
    <ClInclude Include="MainWnd\EQ400Slider_MainWnd.h">
      <Filter>MainWnd</Filter>
    </ClInclude>
    <ClInclude Include="MainWnd\EQ630Label_MainWnd.h">
      <Filter>MainWnd</Filter>
    </ClInclude>
    <ClInclude Include="MainWnd\EQ630Slider_MainWnd.h">
      <Filter>MainWnd</Filter>
    </ClInclude>
    <ClInclude Include="MainWnd\EQ800Label_MainWnd.h">
      <Filter>MainWnd</Filter>
    </ClInclude>
    <ClInclude Include="MainWnd\EQ800Slider_MainWnd.h">
      <Filter>MainWnd</Filter>
    </ClInclude>
    <ClInclude Include="MainWnd\EQ5KLabel_MainWnd.h">
      <Filter>MainWnd</Filter>
    </ClInclude>
    <ClInclude Include="MainWnd\EQ5KSlider_MainWnd.h">
      <Filter>MainWnd</Filter>
    </ClInclude>
    <ClInclude Include="MainWnd\EQ10KLabel_MainWnd.h">
      <Filter>MainWnd</Filter>
    </ClInclude>
    <ClInclude Include="MainWnd\EQ10KSlider_MainWnd.h">
      <Filter>MainWnd</Filter>
    </ClInclude>
    <ClInclude Include="MainWnd\EQ20KLabel_MainWnd.h">
      <Filter>MainWnd</Filter>
    </ClInclude>
    <ClInclude Include="MainWnd\EQ20KSlider_MainWnd.h">
      <Filter>MainWnd</Filter>
    </ClInclude>
    <ClInclude Include="MainWnd\EQ12_5KLabel_MainWnd.h">
      <Filter>MainWnd</Filter>
    </ClInclude>
    <ClInclude Include="MainWnd\EQ12_5KSlider_MainWnd.h">
      <Filter>MainWnd</Filter>
    </ClInclude>
    <ClInclude Include="MainWnd\EQ6_3KSlider_MainWnd.h">
      <Filter>MainWnd</Filter>
    </ClInclude>
    <ClInclude Include="MainWnd\EQ6_3KLabel_MainWnd.h">
      <Filter>MainWnd</Filter>
    </ClInclude>
    <ClInclude Include="MainWnd\EQ2_5KSlider_MainWnd.h">
      <Filter>MainWnd</Filter>
    </ClInclude>
    <ClInclude Include="MainWnd\EQ2_5KLabel_MainWnd.h">
      <Filter>MainWnd</Filter>
    </ClInclude>
    <ClInclude Include="MainWnd\EQ1_6KLabel_MainWnd.h">
      <Filter>MainWnd</Filter>
    </ClInclude>
    <ClInclude Include="MainWnd\EQ1_6KSlider_MainWnd.h">
      <Filter>MainWnd</Filter>
    </ClInclude>
    <ClInclude Include="MainWnd\EQ1_25KLabel_MainWnd.h">
      <Filter>MainWnd</Filter>
    </ClInclude>
    <ClInclude Include="MainWnd\EQ1_25KSlider_MainWnd.h">
      <Filter>MainWnd</Filter>
    </ClInclude>
    <ClInclude Include="MainWnd\EQ31_5Slider_MainWnd.h">
      <Filter>MainWnd</Filter>
    </ClInclude>
    <ClInclude Include="MainWnd\EQ31_5Label_MainWnd.h">
      <Filter>MainWnd</Filter>
    </ClInclude>
    <ClInclude Include="MainWnd\EQ3_15KSlider_MainWnd.h">
      <Filter>MainWnd</Filter>
    </ClInclude>
    <ClInclude Include="MainWnd\EQ3_15KLabel_MainWnd.h">
      <Filter>MainWnd</Filter>
    </ClInclude>
    <ClInclude Include="IncFreqWnd\IncFreqWnd_MainWnd.h">
      <Filter>IncFreqWnd</Filter>
    </ClInclude>
    <ClInclude Include="DecFreqWnd\DecFreqWnd_MainWnd.h">
      <Filter>DecFreqWnd</Filter>
    </ClInclude>
    <ClInclude Include="MainWnd\FreqLabel_MainWnd.h">
      <Filter>MainWnd</Filter>
    </ClInclude>
    <ClInclude Include="MainWnd\FreqSlider_MainWnd.h">
      <Filter>MainWnd</Filter>
    </ClInclude>
    <ClInclude Include="MainWnd\PresetNameInputWnd.h">
      <Filter>MainWnd</Filter>
    </ClInclude>
    <ClInclude Include="MainWnd\Explorer.h">
      <Filter>MainWnd</Filter>
    </ClInclude>
    <ClInclude Include="MainWnd\ExplorerBar.h">
      <Filter>MainWnd</Filter>
    </ClInclude>
    <ClInclude Include="MainWnd\RMenu_Explorer.h">
      <Filter>MainWnd</Filter>
    </ClInclude>
    <ClInclude Include="Common\bass_alac.h">
      <Filter>Common</Filter>
    </ClInclude>
    <ClInclude Include="Common\oauth.h">
      <Filter>Common</Filter>
    </ClInclude>
    <ClInclude Include="Common\sha1.h">
      <Filter>Common</Filter>
    </ClInclude>
    <ClInclude Include="Common\socket.h">
      <Filter>Common</Filter>
    </ClInclude>
    <ClInclude Include="MainWnd\PlayRangeWnd.h">
      <Filter>MainWnd</Filter>
    </ClInclude>
    <ClInclude Include="MainWnd\ABLoopPosWnd.h">
      <Filter>MainWnd</Filter>
    </ClInclude>
    <ClInclude Include="MainWnd\LAMECommandLineWnd.h">
      <Filter>MainWnd</Filter>
    </ClInclude>
    <ClInclude Include="MainWnd\ReverbCustomizeWnd.h">
      <Filter>MainWnd</Filter>
    </ClInclude>
    <ClInclude Include="MainWnd\3DReverbCustomizeWnd.h">
      <Filter>MainWnd</Filter>
    </ClInclude>
    <ClInclude Include="MainWnd\DelayCustomizeWnd.h">
      <Filter>MainWnd</Filter>
    </ClInclude>
    <ClInclude Include="MainWnd\ChorusCustomizeWnd.h">
      <Filter>MainWnd</Filter>
    </ClInclude>
    <ClInclude Include="MainWnd\RMenu_SpeedCtrl.h">
      <Filter>MainWnd</Filter>
    </ClInclude>
    <ClInclude Include="MainWnd\RMenu_FreqCtrl.h">
      <Filter>MainWnd</Filter>
    </ClInclude>
    <ClInclude Include="MainWnd\RMenu_PitchCtrl.h">
      <Filter>MainWnd</Filter>
    </ClInclude>
    <ClInclude Include="MainWnd\RMenu_VolumeCtrl.h">
      <Filter>MainWnd</Filter>
    </ClInclude>
    <ClInclude Include="MainWnd\RMenu_PanCtrl.h">
      <Filter>MainWnd</Filter>
    </ClInclude>
    <ClInclude Include="MainWnd\RMenu_EQCtrl.h">
      <Filter>MainWnd</Filter>
    </ClInclude>
    <ClInclude Include="MainWnd\CompressorCustomizeWnd.h">
      <Filter>MainWnd</Filter>
    </ClInclude>
    <ClInclude Include="MainWnd\FlangerCustomizeWnd.h">
      <Filter>MainWnd</Filter>
    </ClInclude>
    <ClInclude Include="MainWnd\GargleCustomizeWnd.h">
      <Filter>MainWnd</Filter>
    </ClInclude>
    <ClInclude Include="MainWnd\DistortionCustomizeWnd.h">
      <Filter>MainWnd</Filter>
    </ClInclude>
    <ClInclude Include="Common\mp3infp_ExportFunc.h">
      <Filter>Common</Filter>
    </ClInclude>
    <ClInclude Include="Common\jpeglib.h">
      <Filter>Common</Filter>
    </ClInclude>
    <ClInclude Include="Common\jconfig.h">
      <Filter>Common</Filter>
    </ClInclude>
    <ClInclude Include="Common\jerror.h">
      <Filter>Common</Filter>
    </ClInclude>
    <ClInclude Include="Common\jmorecfg.h">
      <Filter>Common</Filter>
    </ClInclude>
    <ClInclude Include="MainWnd\PitchAnalyser.h">
      <Filter>MainWnd</Filter>
    </ClInclude>
    <ClInclude Include="MainWnd\OpenURLWnd.h">
      <Filter>MainWnd</Filter>
    </ClInclude>
    <ClInclude Include="Common\bassasio.h">
      <Filter>Common</Filter>
    </ClInclude>
    <ClInclude Include="Common\bassmix.h">
      <Filter>Common</Filter>
    </ClInclude>
    <ClInclude Include="Common\BASS_DSHOW.h">
      <Filter>Common</Filter>
    </ClInclude>
    <ClInclude Include="Common\BASS_DSHOW_ExportFunc.h">
      <Filter>Common</Filter>
    </ClInclude>
  </ItemGroup>
  <ItemGroup>
    <ClCompile Include="Common\Button.cpp">
      <Filter>Common</Filter>
    </ClCompile>
    <ClCompile Include="Common\ComboBox.cpp">
      <Filter>Common</Filter>
    </ClCompile>
    <ClCompile Include="Common\Menu.cpp">
      <Filter>Common</Filter>
    </ClCompile>
    <ClCompile Include="Common\ToolBar.cpp">
      <Filter>Common</Filter>
    </ClCompile>
    <ClCompile Include="Common\Utils.cpp">
      <Filter>Common</Filter>
    </ClCompile>
    <ClCompile Include="Common\Wnd.cpp">
      <Filter>Common</Filter>
    </ClCompile>
    <ClCompile Include="MainWnd\AllSaveWnd_MainWnd.cpp">
      <Filter>MainWnd</Filter>
    </ClCompile>
    <ClCompile Include="MainWnd\Divider2_MainWnd.cpp">
      <Filter>MainWnd</Filter>
    </ClCompile>
    <ClCompile Include="MainWnd\Divider3_MainWnd.cpp">
      <Filter>MainWnd</Filter>
    </ClCompile>
    <ClCompile Include="MainWnd\Divider4_MainWnd.cpp">
      <Filter>MainWnd</Filter>
    </ClCompile>
    <ClCompile Include="MainWnd\Divider5_MainWnd.cpp">
      <Filter>MainWnd</Filter>
    </ClCompile>
    <ClCompile Include="MainWnd\Divider_MainWnd.cpp">
      <Filter>MainWnd</Filter>
    </ClCompile>
    <ClCompile Include="MainWnd\EQ125Label_MainWnd.cpp">
      <Filter>MainWnd</Filter>
    </ClCompile>
    <ClCompile Include="MainWnd\EQ125Slider_MainWnd.cpp">
      <Filter>MainWnd</Filter>
    </ClCompile>
    <ClCompile Include="MainWnd\EQ16KLabel_MainWnd.cpp">
      <Filter>MainWnd</Filter>
    </ClCompile>
    <ClCompile Include="MainWnd\EQ16KSlider_MainWnd.cpp">
      <Filter>MainWnd</Filter>
    </ClCompile>
    <ClCompile Include="MainWnd\EQ1KLabel_MainWnd.cpp">
      <Filter>MainWnd</Filter>
    </ClCompile>
    <ClCompile Include="MainWnd\EQ1KSlider_MainWnd.cpp">
      <Filter>MainWnd</Filter>
    </ClCompile>
    <ClCompile Include="MainWnd\EQ250Label_MainWnd.cpp">
      <Filter>MainWnd</Filter>
    </ClCompile>
    <ClCompile Include="MainWnd\EQ250Slider_MainWnd.cpp">
      <Filter>MainWnd</Filter>
    </ClCompile>
    <ClCompile Include="MainWnd\EQ2KLabel_MainWnd.cpp">
      <Filter>MainWnd</Filter>
    </ClCompile>
    <ClCompile Include="MainWnd\EQ2KSlider_MainWnd.cpp">
      <Filter>MainWnd</Filter>
    </ClCompile>
    <ClCompile Include="MainWnd\EQ4KLabel_MainWnd.cpp">
      <Filter>MainWnd</Filter>
    </ClCompile>
    <ClCompile Include="MainWnd\EQ4KSlider_MainWnd.cpp">
      <Filter>MainWnd</Filter>
    </ClCompile>
    <ClCompile Include="MainWnd\EQ500Label_MainWnd.cpp">
      <Filter>MainWnd</Filter>
    </ClCompile>
    <ClCompile Include="MainWnd\EQ500Slider_MainWnd.cpp">
      <Filter>MainWnd</Filter>
    </ClCompile>
    <ClCompile Include="MainWnd\EQ8KLabel_MainWnd.cpp">
      <Filter>MainWnd</Filter>
    </ClCompile>
    <ClCompile Include="MainWnd\EQ8KSlider_MainWnd.cpp">
      <Filter>MainWnd</Filter>
    </ClCompile>
    <ClCompile Include="MainWnd\M3UFile.cpp">
      <Filter>MainWnd</Filter>
    </ClCompile>
    <ClCompile Include="MainWnd\MainWnd.cpp">
      <Filter>MainWnd</Filter>
    </ClCompile>
    <ClCompile Include="MainWnd\Menu_MainWnd.cpp">
      <Filter>MainWnd</Filter>
    </ClCompile>
    <ClCompile Include="MainWnd\PanLabel_MainWnd.cpp">
      <Filter>MainWnd</Filter>
    </ClCompile>
    <ClCompile Include="MainWnd\PanSlider_MainWnd.cpp">
      <Filter>MainWnd</Filter>
    </ClCompile>
    <ClCompile Include="MainWnd\PitchLabel_MainWnd.cpp">
      <Filter>MainWnd</Filter>
    </ClCompile>
    <ClCompile Include="MainWnd\PitchSlider_MainWnd.cpp">
      <Filter>MainWnd</Filter>
    </ClCompile>
    <ClCompile Include="MainWnd\PlayListView_MainWnd.cpp">
      <Filter>MainWnd</Filter>
    </ClCompile>
    <ClCompile Include="MainWnd\ProgressWnd_MainWnd.cpp">
      <Filter>MainWnd</Filter>
    </ClCompile>
    <ClCompile Include="MainWnd\SpeedLabel_MainWnd.cpp">
      <Filter>MainWnd</Filter>
    </ClCompile>
    <ClCompile Include="MainWnd\SpeedSlider_MainWnd.cpp">
      <Filter>MainWnd</Filter>
    </ClCompile>
    <ClCompile Include="MainWnd\TimeLabel_MainWnd.cpp">
      <Filter>MainWnd</Filter>
    </ClCompile>
    <ClCompile Include="MainWnd\TimeSlider_MainWnd.cpp">
      <Filter>MainWnd</Filter>
    </ClCompile>
    <ClCompile Include="MainWnd\ToolBar_MainWnd.cpp">
      <Filter>MainWnd</Filter>
    </ClCompile>
    <ClCompile Include="MainWnd\VolumeLabel_MainWnd.cpp">
      <Filter>MainWnd</Filter>
    </ClCompile>
    <ClCompile Include="MainWnd\VolumeSlider_MainWnd.cpp">
      <Filter>MainWnd</Filter>
    </ClCompile>
    <ClCompile Include="App.cpp" />
    <ClCompile Include="MainWnd\PlayPositionWnd.cpp">
      <Filter>MainWnd</Filter>
    </ClCompile>
    <ClCompile Include="KeySettingWnd\KeyInputWnd.cpp">
      <Filter>KeySettingWnd</Filter>
    </ClCompile>
    <ClCompile Include="KeySettingWnd\KeySettingWnd_MainWnd.cpp">
      <Filter>KeySettingWnd</Filter>
    </ClCompile>
    <ClCompile Include="KeySettingWnd\List_KeySettingWnd.cpp">
      <Filter>KeySettingWnd</Filter>
    </ClCompile>
    <ClCompile Include="OutKeySettingWnd\OutKeyInputWnd.cpp">
      <Filter>OutKeySettingWnd</Filter>
    </ClCompile>
    <ClCompile Include="OutKeySettingWnd\OutKeySettingWnd_MainWnd.cpp">
      <Filter>OutKeySettingWnd</Filter>
    </ClCompile>
    <ClCompile Include="TimerPlayWnd\TimerPlayWnd_MainWnd.cpp">
      <Filter>TimerPlayWnd</Filter>
    </ClCompile>
    <ClCompile Include="IncSpeedWnd\IncSpeedWnd_MainWnd.cpp">
      <Filter>IncSpeedWnd</Filter>
    </ClCompile>
    <ClCompile Include="MainWnd\RMenu_TimeSlider.cpp">
      <Filter>MainWnd</Filter>
    </ClCompile>
    <ClCompile Include="CountLoopWnd\CountLoopWnd_MainWnd.cpp">
      <Filter>CountLoopWnd</Filter>
    </ClCompile>
    <ClCompile Include="Common\RadioButton.cpp">
      <Filter>Common</Filter>
    </ClCompile>
    <ClCompile Include="DecSpeedWnd\DecSpeedWnd_MainWnd.cpp">
      <Filter>DecSpeedWnd</Filter>
    </ClCompile>
    <ClCompile Include="Common\CommandList.cpp">
      <Filter>Common</Filter>
    </ClCompile>
    <ClCompile Include="Common\AcceleratorTable.cpp">
      <Filter>Common</Filter>
    </ClCompile>
    <ClCompile Include="LimitSettingWnd\LimitSettingWnd_MainWnd.cpp">
      <Filter>LimitSettingWnd</Filter>
    </ClCompile>
    <ClCompile Include="Common\EditExt.cpp">
      <Filter>Common</Filter>
    </ClCompile>
    <ClCompile Include="Common\ButtonExt.cpp">
      <Filter>Common</Filter>
    </ClCompile>
    <ClCompile Include="MainWnd\Edit_MainWnd.cpp">
      <Filter>MainWnd</Filter>
    </ClCompile>
    <ClCompile Include="MainWnd\Tab_MainWnd.cpp">
      <Filter>MainWnd</Filter>
    </ClCompile>
    <ClCompile Include="MainWnd\RMenu_ListView.cpp">
      <Filter>MainWnd</Filter>
    </ClCompile>
    <ClCompile Include="MainWnd\RMenu_Tab.cpp">
      <Filter>MainWnd</Filter>
    </ClCompile>
    <ClCompile Include="MainWnd\VideoScreen_MainWnd.cpp">
      <Filter>MainWnd</Filter>
    </ClCompile>
    <ClCompile Include="VideoScreenWnd\VideoScreenWnd_MainWnd.cpp">
      <Filter>VideoScreenWnd</Filter>
    </ClCompile>
    <ClCompile Include="MetronomeWnd\MetronomeWnd_MainWnd.cpp">
      <Filter>MetronomeWnd</Filter>
    </ClCompile>
    <ClCompile Include="MainWnd\LyricsManager.cpp">
      <Filter>MainWnd</Filter>
    </ClCompile>
    <ClCompile Include="MainWnd\RMenu_Taskbar.cpp">
      <Filter>MainWnd</Filter>
    </ClCompile>
    <ClCompile Include="MainWnd\Sound.cpp">
      <Filter>MainWnd</Filter>
    </ClCompile>
    <ClCompile Include="MainWnd\RMenu_VideoScreen.cpp">
      <Filter>MainWnd</Filter>
    </ClCompile>
    <ClCompile Include="VideoScreenWnd\RMenu_VideoScreenWnd.cpp">
      <Filter>VideoScreenWnd</Filter>
    </ClCompile>
    <ClCompile Include="MainWnd\EQ20Label_MainWnd.cpp">
      <Filter>MainWnd</Filter>
    </ClCompile>
    <ClCompile Include="MainWnd\EQ20Slider_MainWnd.cpp">
      <Filter>MainWnd</Filter>
    </ClCompile>
    <ClCompile Include="MainWnd\EQ25Label_MainWnd.cpp">
      <Filter>MainWnd</Filter>
    </ClCompile>
    <ClCompile Include="MainWnd\EQ25Slider_MainWnd.cpp">
      <Filter>MainWnd</Filter>
    </ClCompile>
    <ClCompile Include="MainWnd\EQ40Label_MainWnd.cpp">
      <Filter>MainWnd</Filter>
    </ClCompile>
    <ClCompile Include="MainWnd\EQ40Slider_MainWnd.cpp">
      <Filter>MainWnd</Filter>
    </ClCompile>
    <ClCompile Include="MainWnd\EQ50Label_MainWnd.cpp">
      <Filter>MainWnd</Filter>
    </ClCompile>
    <ClCompile Include="MainWnd\EQ50Slider_MainWnd.cpp">
      <Filter>MainWnd</Filter>
    </ClCompile>
    <ClCompile Include="MainWnd\EQ63Label_MainWnd.cpp">
      <Filter>MainWnd</Filter>
    </ClCompile>
    <ClCompile Include="MainWnd\EQ63Slider_MainWnd.cpp">
      <Filter>MainWnd</Filter>
    </ClCompile>
    <ClCompile Include="MainWnd\EQ80Label_MainWnd.cpp">
      <Filter>MainWnd</Filter>
    </ClCompile>
    <ClCompile Include="MainWnd\EQ80Slider_MainWnd.cpp">
      <Filter>MainWnd</Filter>
    </ClCompile>
    <ClCompile Include="MainWnd\EQ100Label_MainWnd.cpp">
      <Filter>MainWnd</Filter>
    </ClCompile>
    <ClCompile Include="MainWnd\EQ100Slider_MainWnd.cpp">
      <Filter>MainWnd</Filter>
    </ClCompile>
    <ClCompile Include="MainWnd\EQ160Label_MainWnd.cpp">
      <Filter>MainWnd</Filter>
    </ClCompile>
    <ClCompile Include="MainWnd\EQ160Slider_MainWnd.cpp">
      <Filter>MainWnd</Filter>
    </ClCompile>
    <ClCompile Include="MainWnd\EQ200Label_MainWnd.cpp">
      <Filter>MainWnd</Filter>
    </ClCompile>
    <ClCompile Include="MainWnd\EQ200Slider_MainWnd.cpp">
      <Filter>MainWnd</Filter>
    </ClCompile>
    <ClCompile Include="MainWnd\EQ315Label_MainWnd.cpp">
      <Filter>MainWnd</Filter>
    </ClCompile>
    <ClCompile Include="MainWnd\EQ315Slider_MainWnd.cpp">
      <Filter>MainWnd</Filter>
    </ClCompile>
    <ClCompile Include="MainWnd\EQ400Label_MainWnd.cpp">
      <Filter>MainWnd</Filter>
    </ClCompile>
    <ClCompile Include="MainWnd\EQ400Slider_MainWnd.cpp">
      <Filter>MainWnd</Filter>
    </ClCompile>
    <ClCompile Include="MainWnd\EQ630Label_MainWnd.cpp">
      <Filter>MainWnd</Filter>
    </ClCompile>
    <ClCompile Include="MainWnd\EQ630Slider_MainWnd.cpp">
      <Filter>MainWnd</Filter>
    </ClCompile>
    <ClCompile Include="MainWnd\EQ800Label_MainWnd.cpp">
      <Filter>MainWnd</Filter>
    </ClCompile>
    <ClCompile Include="MainWnd\EQ800Slider_MainWnd.cpp">
      <Filter>MainWnd</Filter>
    </ClCompile>
    <ClCompile Include="MainWnd\EQ5KLabel_MainWnd.cpp">
      <Filter>MainWnd</Filter>
    </ClCompile>
    <ClCompile Include="MainWnd\EQ5KSlider_MainWnd.cpp">
      <Filter>MainWnd</Filter>
    </ClCompile>
    <ClCompile Include="MainWnd\EQ10KLabel_MainWnd.cpp">
      <Filter>MainWnd</Filter>
    </ClCompile>
    <ClCompile Include="MainWnd\EQ10KSlider_MainWnd.cpp">
      <Filter>MainWnd</Filter>
    </ClCompile>
    <ClCompile Include="MainWnd\EQ20KLabel_MainWnd.cpp">
      <Filter>MainWnd</Filter>
    </ClCompile>
    <ClCompile Include="MainWnd\EQ20KSlider_MainWnd.cpp">
      <Filter>MainWnd</Filter>
    </ClCompile>
    <ClCompile Include="MainWnd\EQ12_5KLabel_MainWnd.cpp">
      <Filter>MainWnd</Filter>
    </ClCompile>
    <ClCompile Include="MainWnd\EQ12_5KSlider_MainWnd.cpp">
      <Filter>MainWnd</Filter>
    </ClCompile>
    <ClCompile Include="MainWnd\EQ6_3KLabel_MainWnd.cpp">
      <Filter>MainWnd</Filter>
    </ClCompile>
    <ClCompile Include="MainWnd\EQ6_3KSlider_MainWnd.cpp">
      <Filter>MainWnd</Filter>
    </ClCompile>
    <ClCompile Include="MainWnd\EQ2_5KLabel_MainWnd.cpp">
      <Filter>MainWnd</Filter>
    </ClCompile>
    <ClCompile Include="MainWnd\EQ2_5KSlider_MainWnd.cpp">
      <Filter>MainWnd</Filter>
    </ClCompile>
    <ClCompile Include="MainWnd\EQ1_6KLabel_MainWnd.cpp">
      <Filter>MainWnd</Filter>
    </ClCompile>
    <ClCompile Include="MainWnd\EQ1_6KSlider_MainWnd.cpp">
      <Filter>MainWnd</Filter>
    </ClCompile>
    <ClCompile Include="MainWnd\EQ1_25KLabel_MainWnd.cpp">
      <Filter>MainWnd</Filter>
    </ClCompile>
    <ClCompile Include="MainWnd\EQ1_25KSlider_MainWnd.cpp">
      <Filter>MainWnd</Filter>
    </ClCompile>
    <ClCompile Include="MainWnd\EQ31_5Label_MainWnd.cpp">
      <Filter>MainWnd</Filter>
    </ClCompile>
    <ClCompile Include="MainWnd\EQ31_5Slider_MainWnd.cpp">
      <Filter>MainWnd</Filter>
    </ClCompile>
    <ClCompile Include="MainWnd\EQ3_15KSlider_MainWnd.cpp">
      <Filter>MainWnd</Filter>
    </ClCompile>
    <ClCompile Include="MainWnd\EQ3_15KLabel_MainWnd.cpp">
      <Filter>MainWnd</Filter>
    </ClCompile>
    <ClCompile Include="IncFreqWnd\IncFreqWnd_MainWnd.cpp">
      <Filter>IncFreqWnd</Filter>
    </ClCompile>
    <ClCompile Include="DecFreqWnd\DecFreqWnd_MainWnd.cpp">
      <Filter>DecFreqWnd</Filter>
    </ClCompile>
    <ClCompile Include="MainWnd\FreqLabel_MainWnd.cpp">
      <Filter>MainWnd</Filter>
    </ClCompile>
    <ClCompile Include="MainWnd\FreqSlider_MainWnd.cpp">
      <Filter>MainWnd</Filter>
    </ClCompile>
    <ClCompile Include="MainWnd\PresetNameInputWnd.cpp">
      <Filter>MainWnd</Filter>
    </ClCompile>
    <ClCompile Include="MainWnd\Explorer.cpp">
      <Filter>MainWnd</Filter>
    </ClCompile>
    <ClCompile Include="MainWnd\ExplorerBar.cpp">
      <Filter>MainWnd</Filter>
    </ClCompile>
    <ClCompile Include="MainWnd\RMenu_Explorer.cpp">
      <Filter>MainWnd</Filter>
    </ClCompile>
    <ClCompile Include="Common\oauth.cpp">
      <Filter>Common</Filter>
    </ClCompile>
    <ClCompile Include="Common\oauth_http.cpp">
      <Filter>Common</Filter>
    </ClCompile>
    <ClCompile Include="Common\sha1.c">
      <Filter>Common</Filter>
    </ClCompile>
    <ClCompile Include="Common\socket.cpp">
      <Filter>Common</Filter>
    </ClCompile>
    <ClCompile Include="Common\hash.cpp">
      <Filter>Common</Filter>
    </ClCompile>
    <ClCompile Include="MainWnd\PlayRangeWnd.cpp">
      <Filter>MainWnd</Filter>
    </ClCompile>
    <ClCompile Include="MainWnd\ABLoopPosWnd.cpp">
      <Filter>MainWnd</Filter>
    </ClCompile>
    <ClCompile Include="MainWnd\LAMECommandLineWnd.cpp">
      <Filter>MainWnd</Filter>
    </ClCompile>
    <ClCompile Include="MainWnd\ReverbCustomizeWnd.cpp">
      <Filter>MainWnd</Filter>
    </ClCompile>
    <ClCompile Include="MainWnd\3DReverbCustomizeWnd.cpp">
      <Filter>MainWnd</Filter>
    </ClCompile>
    <ClCompile Include="MainWnd\DelayCustomizeWnd.cpp">
      <Filter>MainWnd</Filter>
    </ClCompile>
    <ClCompile Include="MainWnd\ChorusCustomizeWnd.cpp">
      <Filter>MainWnd</Filter>
    </ClCompile>
    <ClCompile Include="MainWnd\RMenu_SpeedCtrl.cpp">
      <Filter>MainWnd</Filter>
    </ClCompile>
    <ClCompile Include="MainWnd\RMenu_FreqCtrl.cpp">
      <Filter>MainWnd</Filter>
    </ClCompile>
    <ClCompile Include="MainWnd\RMenu_PitchCtrl.cpp">
      <Filter>MainWnd</Filter>
    </ClCompile>
    <ClCompile Include="MainWnd\RMenu_VolumeCtrl.cpp">
      <Filter>MainWnd</Filter>
    </ClCompile>
    <ClCompile Include="MainWnd\RMenu_PanCtrl.cpp">
      <Filter>MainWnd</Filter>
    </ClCompile>
    <ClCompile Include="MainWnd\RMenu_EQCtrl.cpp">
      <Filter>MainWnd</Filter>
    </ClCompile>
    <ClCompile Include="MainWnd\CompressorCustomizeWnd.cpp">
      <Filter>MainWnd</Filter>
    </ClCompile>
    <ClCompile Include="MainWnd\FlangerCustomizeWnd.cpp">
      <Filter>MainWnd</Filter>
    </ClCompile>
    <ClCompile Include="MainWnd\GargleCustomizeWnd.cpp">
      <Filter>MainWnd</Filter>
    </ClCompile>
    <ClCompile Include="MainWnd\DistortionCustomizeWnd.cpp">
      <Filter>MainWnd</Filter>
    </ClCompile>
    <ClCompile Include="MainWnd\PitchAnalyser.cpp">
      <Filter>MainWnd</Filter>
    </ClCompile>
    <ClCompile Include="MainWnd\OpenURLWnd.cpp">
      <Filter>MainWnd</Filter>
    </ClCompile>
  </ItemGroup>
  <ItemGroup>
    <ResourceCompile Include="Hayaemon.rc" />
  </ItemGroup>
  <ItemGroup>
    <None Include="img\drag_move.cur" />
    <None Include="img\drag_copy.cur" />
  </ItemGroup>
  <ItemGroup>
    <Image Include="img\toolbarS.bmp" />
    <Image Include="img\toolbarM.bmp" />
    <Image Include="img\toolbarL.bmp" />
    <Image Include="img\icon1.ico" />
    <Image Include="img\play.ico" />
    <Image Include="img\pause.ico" />
  </ItemGroup>
  <ItemGroup>
    <Text Include="readme\jp\readme.txt" />
    <Text Include="readme\en\readme.txt" />
  </ItemGroup>
</Project>