
Microsoft Visual Studio Solution File, Format Version 12.00
# Visual Studio 15
VisualStudioVersion = 15.0.27703.2035
MinimumVisualStudioVersion = 10.0.40219.1
Project("{8BC9CEB8-8B4A-11D0-8D11-00A0C91BC942}") = "Hayaemon", "Hayaemon.vcxproj", "{751B0EF4-3890-4A6E-AFBC-D92F3BE8D82F}"
EndProject
Global
	GlobalSection(SolutionConfigurationPlatforms) = preSolution
		Debug_jp|Win32 = Debug_jp|Win32
		Release_en|Win32 = Release_en|Win32
		Release_jp|Win32 = Release_jp|Win32
		Release_XP_en|Win32 = Release_XP_en|Win32
		Release_XP_jp|Win32 = Release_XP_jp|Win32
	EndGlobalSection
	GlobalSection(ProjectConfigurationPlatforms) = postSolution
		{751B0EF4-3890-4A6E-AFBC-D92F3BE8D82F}.Debug_jp|Win32.ActiveCfg = Debug_jp|Win32
		{751B0EF4-3890-4A6E-AFBC-D92F3BE8D82F}.Debug_jp|Win32.Build.0 = Debug_jp|Win32
		{751B0EF4-3890-4A6E-AFBC-D92F3BE8D82F}.Release_en|Win32.ActiveCfg = Release_en|Win32
		{751B0EF4-3890-4A6E-AFBC-D92F3BE8D82F}.Release_en|Win32.Build.0 = Release_en|Win32
		{751B0EF4-3890-4A6E-AFBC-D92F3BE8D82F}.Release_jp|Win32.ActiveCfg = Release_jp|Win32
		{751B0EF4-3890-4A6E-AFBC-D92F3BE8D82F}.Release_jp|Win32.Build.0 = Release_jp|Win32
		{751B0EF4-3890-4A6E-AFBC-D92F3BE8D82F}.Release_XP_en|Win32.ActiveCfg = Release_XP_en|Win32
		{751B0EF4-3890-4A6E-AFBC-D92F3BE8D82F}.Release_XP_en|Win32.Build.0 = Release_XP_en|Win32
		{751B0EF4-3890-4A6E-AFBC-D92F3BE8D82F}.Release_XP_jp|Win32.ActiveCfg = Release_XP_jp|Win32
		{751B0EF4-3890-4A6E-AFBC-D92F3BE8D82F}.Release_XP_jp|Win32.Build.0 = Release_XP_jp|Win32
	EndGlobalSection
	GlobalSection(SolutionProperties) = preSolution
		HideSolutionNode = FALSE
	EndGlobalSection
	GlobalSection(ExtensibilityGlobals) = postSolution
		SolutionGuid = {0D873652-8C59-454D-959F-207C4DB1241C}
	EndGlobalSection
EndGlobal
